
Microsoft Visual Studio Solution File, Format Version 12.00
# Visual Studio Version 17
VisualStudioVersion = 17.2.32616.157
MinimumVisualStudioVersion = 10.0.40219.1
Project("{FAE04EC0-301F-11D3-BF4B-00C04F79EFBC}") = "DependencyInjection", "DependencyInjection.csproj", "{50339DE2-0363-494E-A7F1-08370C11C864}"
EndProject
Global
	GlobalSection(SolutionConfigurationPlatforms) = preSolution
		Debug|Any CPU = Debug|Any CPU
		Release|Any CPU = Release|Any CPU
	EndGlobalSection
	GlobalSection(ProjectConfigurationPlatforms) = postSolution
		{50339DE2-0363-494E-A7F1-08370C11C864}.Debug|Any CPU.ActiveCfg = Debug|Any CPU
		{50339DE2-0363-494E-A7F1-08370C11C864}.Debug|Any CPU.Build.0 = Debug|Any CPU
		{50339DE2-0363-494E-A7F1-08370C11C864}.Release|Any CPU.ActiveCfg = Release|Any CPU
		{50339DE2-0363-494E-A7F1-08370C11C864}.Release|Any CPU.Build.0 = Release|Any CPU
	EndGlobalSection
	GlobalSection(SolutionProperties) = preSolution
		HideSolutionNode = FALSE
	EndGlobalSection
	GlobalSection(ExtensibilityGlobals) = postSolution
		SolutionGuid = {606B947D-4F56-45D3-AF4F-C90EFC0B0323}
	EndGlobalSection
EndGlobal
